
Microsoft Visual Studio Solution File, Format Version 12.00
# Visual Studio Version 17
VisualStudioVersion = 17.11.35327.3
MinimumVisualStudioVersion = 10.0.40219.1
Project("{9A19103F-16F7-4668-BE54-9A1E7A4F7556}") = "NGUYENTHANHHOAI_31231027586_24C1INF50900503", "Exercises_0\NGUYENTHANHHOAI_31231027586_24C1INF50900503.csproj", "{DC4CEBBB-469F-4C14-AF40-A2359F7F1E8D}"
EndProject
Global
	GlobalSection(SolutionConfigurationPlatforms) = preSolution
		Debug|Any CPU = Debug|Any CPU
		Release|Any CPU = Release|Any CPU
	EndGlobalSection
	GlobalSection(ProjectConfigurationPlatforms) = postSolution
		{DC4CEBBB-469F-4C14-AF40-A2359F7F1E8D}.Debug|Any CPU.ActiveCfg = Debug|Any CPU
		{DC4CEBBB-469F-4C14-AF40-A2359F7F1E8D}.Debug|Any CPU.Build.0 = Debug|Any CPU
		{DC4CEBBB-469F-4C14-AF40-A2359F7F1E8D}.Release|Any CPU.ActiveCfg = Release|Any CPU
		{DC4CEBBB-469F-4C14-AF40-A2359F7F1E8D}.Release|Any CPU.Build.0 = Release|Any CPU
	EndGlobalSection
	GlobalSection(SolutionProperties) = preSolution
		HideSolutionNode = FALSE
	EndGlobalSection
	GlobalSection(ExtensibilityGlobals) = postSolution
		SolutionGuid = {AB7956AD-1C27-4254-A011-879E177C1453}
	EndGlobalSection
EndGlobal
